
Microsoft Visual Studio Solution File, Format Version 12.00
# Visual Studio Version 16
VisualStudioVersion = 16.0.29613.14
MinimumVisualStudioVersion = 10.0.40219.1
Project("{9A19103F-16F7-4668-BE54-9A1E7A4F7556}") = "DateTimeMicroservice.Server.OpenApiGenerated", "DateTimeMicroservice.Server.OpenApiGenerated\DateTimeMicroservice.Server.OpenApiGenerated.csproj", "{D2D8772A-29C8-4127-9D76-4B9706DBDE40}"
EndProject
Project("{FAE04EC0-301F-11D3-BF4B-00C04F79EFBC}") = "DateTimeMicroservice.Server", "DateTimeMicroservice.Server\DateTimeMicroservice.Server.csproj", "{B0E12795-251D-421A-B127-D8D46044090A}"
EndProject
Global
	GlobalSection(SolutionConfigurationPlatforms) = preSolution
		Debug|Any CPU = Debug|Any CPU
		Release|Any CPU = Release|Any CPU
	EndGlobalSection
	GlobalSection(ProjectConfigurationPlatforms) = postSolution
		{D2D8772A-29C8-4127-9D76-4B9706DBDE40}.Debug|Any CPU.ActiveCfg = Debug|Any CPU
		{D2D8772A-29C8-4127-9D76-4B9706DBDE40}.Debug|Any CPU.Build.0 = Debug|Any CPU
		{D2D8772A-29C8-4127-9D76-4B9706DBDE40}.Release|Any CPU.ActiveCfg = Release|Any CPU
		{D2D8772A-29C8-4127-9D76-4B9706DBDE40}.Release|Any CPU.Build.0 = Release|Any CPU
		{B0E12795-251D-421A-B127-D8D46044090A}.Debug|Any CPU.ActiveCfg = Debug|Any CPU
		{B0E12795-251D-421A-B127-D8D46044090A}.Debug|Any CPU.Build.0 = Debug|Any CPU
		{B0E12795-251D-421A-B127-D8D46044090A}.Release|Any CPU.ActiveCfg = Release|Any CPU
		{B0E12795-251D-421A-B127-D8D46044090A}.Release|Any CPU.Build.0 = Release|Any CPU
	EndGlobalSection
	GlobalSection(SolutionProperties) = preSolution
		HideSolutionNode = FALSE
	EndGlobalSection
	GlobalSection(ExtensibilityGlobals) = postSolution
		SolutionGuid = {2D67F955-7CE1-4821-93DD-5A2406EFCFF1}
	EndGlobalSection
EndGlobal
